
Microsoft Visual Studio Solution File, Format Version 12.00
# Visual Studio Version 17
VisualStudioVersion = 17.9.34728.123
MinimumVisualStudioVersion = 10.0.40219.1
Project("{FAE04EC0-301F-11D3-BF4B-00C04F79EFBC}") = "BTKAKADEMİ", "BTKAKADEMİ\BTKAKADEMİ.csproj", "{EDCAF551-880D-4A87-8872-31B84CECE4CC}"
EndProject
Global
	GlobalSection(SolutionConfigurationPlatforms) = preSolution
		Debug|Any CPU = Debug|Any CPU
		Release|Any CPU = Release|Any CPU
	EndGlobalSection
	GlobalSection(ProjectConfigurationPlatforms) = postSolution
		{EDCAF551-880D-4A87-8872-31B84CECE4CC}.Debug|Any CPU.ActiveCfg = Debug|Any CPU
		{EDCAF551-880D-4A87-8872-31B84CECE4CC}.Debug|Any CPU.Build.0 = Debug|Any CPU
		{EDCAF551-880D-4A87-8872-31B84CECE4CC}.Release|Any CPU.ActiveCfg = Release|Any CPU
		{EDCAF551-880D-4A87-8872-31B84CECE4CC}.Release|Any CPU.Build.0 = Release|Any CPU
	EndGlobalSection
	GlobalSection(SolutionProperties) = preSolution
		HideSolutionNode = FALSE
	EndGlobalSection
	GlobalSection(ExtensibilityGlobals) = postSolution
		SolutionGuid = {18744889-37CA-4157-9686-D879E3136AAD}
	EndGlobalSection
EndGlobal
