
Microsoft Visual Studio Solution File, Format Version 12.00
# Visual Studio Version 17
VisualStudioVersion = 17.10.35004.147
MinimumVisualStudioVersion = 10.0.40219.1
Project("{FAE04EC0-301F-11D3-BF4B-00C04F79EFBC}") = "SortedDictionary_Uygulaması", "SortedDictionary_Uygulaması\SortedDictionary_Uygulaması.csproj", "{EF7CF024-41AD-4828-BCFB-575EF717DF55}"
EndProject
Global
	GlobalSection(SolutionConfigurationPlatforms) = preSolution
		Debug|Any CPU = Debug|Any CPU
		Release|Any CPU = Release|Any CPU
	EndGlobalSection
	GlobalSection(ProjectConfigurationPlatforms) = postSolution
		{EF7CF024-41AD-4828-BCFB-575EF717DF55}.Debug|Any CPU.ActiveCfg = Debug|Any CPU
		{EF7CF024-41AD-4828-BCFB-575EF717DF55}.Debug|Any CPU.Build.0 = Debug|Any CPU
		{EF7CF024-41AD-4828-BCFB-575EF717DF55}.Release|Any CPU.ActiveCfg = Release|Any CPU
		{EF7CF024-41AD-4828-BCFB-575EF717DF55}.Release|Any CPU.Build.0 = Release|Any CPU
	EndGlobalSection
	GlobalSection(SolutionProperties) = preSolution
		HideSolutionNode = FALSE
	EndGlobalSection
	GlobalSection(ExtensibilityGlobals) = postSolution
		SolutionGuid = {325A1DE5-B7A3-4175-B60D-F6A8A0239AA2}
	EndGlobalSection
EndGlobal
